
Microsoft Visual Studio Solution File, Format Version 12.00
# Visual Studio 14
VisualStudioVersion = 14.0.25420.1
MinimumVisualStudioVersion = 10.0.40219.1
Project("{FAE04EC0-301F-11D3-BF4B-00C04F79EFBC}") = "ClockRadio", "ClockRadio\ClockRadio.csproj", "{CBFC32DD-FF49-4B29-8329-0D33F56B9F44}"
EndProject
Global
	GlobalSection(SolutionConfigurationPlatforms) = preSolution
		Debug|Any CPU = Debug|Any CPU
		Release|Any CPU = Release|Any CPU
	EndGlobalSection
	GlobalSection(ProjectConfigurationPlatforms) = postSolution
		{CBFC32DD-FF49-4B29-8329-0D33F56B9F44}.Debug|Any CPU.ActiveCfg = Debug|Any CPU
		{CBFC32DD-FF49-4B29-8329-0D33F56B9F44}.Debug|Any CPU.Build.0 = Debug|Any CPU
		{CBFC32DD-FF49-4B29-8329-0D33F56B9F44}.Release|Any CPU.ActiveCfg = Release|Any CPU
		{CBFC32DD-FF49-4B29-8329-0D33F56B9F44}.Release|Any CPU.Build.0 = Release|Any CPU
	EndGlobalSection
	GlobalSection(SolutionProperties) = preSolution
		HideSolutionNode = FALSE
	EndGlobalSection
EndGlobal
